// !$*UTF8*$!
{
	archiveVersion = 1;
	classes = {
	};
	objectVersion = 55;
	objects = {

/* Begin PBXBuildFile section */
		02873E2A27B8CB5E001D46CC /* Paws_upApp.swift in Sources */ = {isa = PBXBuildFile; fileRef = 02873E2927B8CB5E001D46CC /* Paws_upApp.swift */; };
		02873E2C27B8CB5E001D46CC /* ContentView.swift in Sources */ = {isa = PBXBuildFile; fileRef = 02873E2B27B8CB5E001D46CC /* ContentView.swift */; };
		02873E2E27B8CB5F001D46CC /* Assets.xcassets in Resources */ = {isa = PBXBuildFile; fileRef = 02873E2D27B8CB5F001D46CC /* Assets.xcassets */; };
		02873E3127B8CB5F001D46CC /* Preview Assets.xcassets in Resources */ = {isa = PBXBuildFile; fileRef = 02873E3027B8CB5F001D46CC /* Preview Assets.xcassets */; };
		02873E3B27B8CB5F001D46CC /* Paws_upTests.swift in Sources */ = {isa = PBXBuildFile; fileRef = 02873E3A27B8CB5F001D46CC /* Paws_upTests.swift */; };
		02873E4527B8CB5F001D46CC /* Paws_upUITests.swift in Sources */ = {isa = PBXBuildFile; fileRef = 02873E4427B8CB5F001D46CC /* Paws_upUITests.swift */; };
		02873E4727B8CB5F001D46CC /* Paws_upUITestsLaunchTests.swift in Sources */ = {isa = PBXBuildFile; fileRef = 02873E4627B8CB5F001D46CC /* Paws_upUITestsLaunchTests.swift */; };
		9653E3272861615600004B48 /* HomePageView.swift in Sources */ = {isa = PBXBuildFile; fileRef = 9653E3262861615600004B48 /* HomePageView.swift */; };
		9653E3292861616D00004B48 /* HomePageModel.swift in Sources */ = {isa = PBXBuildFile; fileRef = 9653E3282861616D00004B48 /* HomePageModel.swift */; };
		9653E32B2861617D00004B48 /* HomePageViewModel.swift in Sources */ = {isa = PBXBuildFile; fileRef = 9653E32A2861617D00004B48 /* HomePageViewModel.swift */; };
		9653E32D2861619000004B48 /* RescueView.swift in Sources */ = {isa = PBXBuildFile; fileRef = 9653E32C2861619000004B48 /* RescueView.swift */; };
		9653E32F2861619B00004B48 /* RescueModel.swift in Sources */ = {isa = PBXBuildFile; fileRef = 9653E32E2861619B00004B48 /* RescueModel.swift */; };
		9653E331286161A600004B48 /* RescueViewModel.swift in Sources */ = {isa = PBXBuildFile; fileRef = 9653E330286161A600004B48 /* RescueViewModel.swift */; };
		9653E33328616A8000004B48 /* DonationView.swift in Sources */ = {isa = PBXBuildFile; fileRef = 9653E33228616A8000004B48 /* DonationView.swift */; };
		965BAFD8284877F8008468E6 /* DataManager.swift in Sources */ = {isa = PBXBuildFile; fileRef = 965BAFD7284877F8008468E6 /* DataManager.swift */; };
		966B5CE52845B79000C57260 /* FirebaseAuth in Frameworks */ = {isa = PBXBuildFile; productRef = 966B5CE42845B79000C57260 /* FirebaseAuth */; };
		966B5CE72845B79000C57260 /* FirebaseDatabase in Frameworks */ = {isa = PBXBuildFile; productRef = 966B5CE62845B79000C57260 /* FirebaseDatabase */; };
		966B5CE92845B79000C57260 /* FirebaseFirestore in Frameworks */ = {isa = PBXBuildFile; productRef = 966B5CE82845B79000C57260 /* FirebaseFirestore */; };
		966B5CEB2845B79000C57260 /* FirebaseStorage in Frameworks */ = {isa = PBXBuildFile; productRef = 966B5CEA2845B79000C57260 /* FirebaseStorage */; };
		96BBA215280E924900B63582 /* GoogleService-Info.plist in Resources */ = {isa = PBXBuildFile; fileRef = 96BBA214280E924900B63582 /* GoogleService-Info.plist */; };
/* End PBXBuildFile section */

/* Begin PBXContainerItemProxy section */
		02873E3727B8CB5F001D46CC /* PBXContainerItemProxy */ = {
			isa = PBXContainerItemProxy;
			containerPortal = 02873E1E27B8CB5E001D46CC /* Project object */;
			proxyType = 1;
			remoteGlobalIDString = 02873E2527B8CB5E001D46CC;
			remoteInfo = "Paws-up";
		};
		02873E4127B8CB5F001D46CC /* PBXContainerItemProxy */ = {
			isa = PBXContainerItemProxy;
			containerPortal = 02873E1E27B8CB5E001D46CC /* Project object */;
			proxyType = 1;
			remoteGlobalIDString = 02873E2527B8CB5E001D46CC;
			remoteInfo = "Paws-up";
		};
/* End PBXContainerItemProxy section */

/* Begin PBXFileReference section */
		02873E2627B8CB5E001D46CC /* Paws-up.app */ = {isa = PBXFileReference; explicitFileType = wrapper.application; includeInIndex = 0; path = "Paws-up.app"; sourceTree = BUILT_PRODUCTS_DIR; };
		02873E2927B8CB5E001D46CC /* Paws_upApp.swift */ = {isa = PBXFileReference; lastKnownFileType = sourcecode.swift; path = Paws_upApp.swift; sourceTree = "<group>"; };
		02873E2B27B8CB5E001D46CC /* ContentView.swift */ = {isa = PBXFileReference; lastKnownFileType = sourcecode.swift; path = ContentView.swift; sourceTree = "<group>"; };
		02873E2D27B8CB5F001D46CC /* Assets.xcassets */ = {isa = PBXFileReference; lastKnownFileType = folder.assetcatalog; path = Assets.xcassets; sourceTree = "<group>"; };
		02873E3027B8CB5F001D46CC /* Preview Assets.xcassets */ = {isa = PBXFileReference; lastKnownFileType = folder.assetcatalog; path = "Preview Assets.xcassets"; sourceTree = "<group>"; };
		02873E3627B8CB5F001D46CC /* Paws-upTests.xctest */ = {isa = PBXFileReference; explicitFileType = wrapper.cfbundle; includeInIndex = 0; path = "Paws-upTests.xctest"; sourceTree = BUILT_PRODUCTS_DIR; };
		02873E3A27B8CB5F001D46CC /* Paws_upTests.swift */ = {isa = PBXFileReference; lastKnownFileType = sourcecode.swift; path = Paws_upTests.swift; sourceTree = "<group>"; };
		02873E4027B8CB5F001D46CC /* Paws-upUITests.xctest */ = {isa = PBXFileReference; explicitFileType = wrapper.cfbundle; includeInIndex = 0; path = "Paws-upUITests.xctest"; sourceTree = BUILT_PRODUCTS_DIR; };
		02873E4427B8CB5F001D46CC /* Paws_upUITests.swift */ = {isa = PBXFileReference; lastKnownFileType = sourcecode.swift; path = Paws_upUITests.swift; sourceTree = "<group>"; };
		02873E4627B8CB5F001D46CC /* Paws_upUITestsLaunchTests.swift */ = {isa = PBXFileReference; lastKnownFileType = sourcecode.swift; path = Paws_upUITestsLaunchTests.swift; sourceTree = "<group>"; };
		9653E3262861615600004B48 /* HomePageView.swift */ = {isa = PBXFileReference; lastKnownFileType = sourcecode.swift; path = HomePageView.swift; sourceTree = "<group>"; };
		9653E3282861616D00004B48 /* HomePageModel.swift */ = {isa = PBXFileReference; lastKnownFileType = sourcecode.swift; path = HomePageModel.swift; sourceTree = "<group>"; };
		9653E32A2861617D00004B48 /* HomePageViewModel.swift */ = {isa = PBXFileReference; lastKnownFileType = sourcecode.swift; path = HomePageViewModel.swift; sourceTree = "<group>"; };
		9653E32C2861619000004B48 /* RescueView.swift */ = {isa = PBXFileReference; lastKnownFileType = sourcecode.swift; path = RescueView.swift; sourceTree = "<group>"; };
		9653E32E2861619B00004B48 /* RescueModel.swift */ = {isa = PBXFileReference; lastKnownFileType = sourcecode.swift; path = RescueModel.swift; sourceTree = "<group>"; };
		9653E330286161A600004B48 /* RescueViewModel.swift */ = {isa = PBXFileReference; lastKnownFileType = sourcecode.swift; path = RescueViewModel.swift; sourceTree = "<group>"; };
		9653E33228616A8000004B48 /* DonationView.swift */ = {isa = PBXFileReference; lastKnownFileType = sourcecode.swift; path = DonationView.swift; sourceTree = "<group>"; };
		965BAFD7284877F8008468E6 /* DataManager.swift */ = {isa = PBXFileReference; lastKnownFileType = sourcecode.swift; path = DataManager.swift; sourceTree = "<group>"; };
		96BBA214280E924900B63582 /* GoogleService-Info.plist */ = {isa = PBXFileReference; fileEncoding = 4; lastKnownFileType = text.plist.xml; path = "GoogleService-Info.plist"; sourceTree = "<group>"; };
/* End PBXFileReference section */

/* Begin PBXFrameworksBuildPhase section */
		02873E2327B8CB5E001D46CC /* Frameworks */ = {
			isa = PBXFrameworksBuildPhase;
			buildActionMask = 2147483647;
			files = (
				966B5CE72845B79000C57260 /* FirebaseDatabase in Frameworks */,
				966B5CEB2845B79000C57260 /* FirebaseStorage in Frameworks */,
				966B5CE52845B79000C57260 /* FirebaseAuth in Frameworks */,
				966B5CE92845B79000C57260 /* FirebaseFirestore in Frameworks */,
			);
			runOnlyForDeploymentPostprocessing = 0;
		};
		02873E3327B8CB5F001D46CC /* Frameworks */ = {
			isa = PBXFrameworksBuildPhase;
			buildActionMask = 2147483647;
			files = (
			);
			runOnlyForDeploymentPostprocessing = 0;
		};
		02873E3D27B8CB5F001D46CC /* Frameworks */ = {
			isa = PBXFrameworksBuildPhase;
			buildActionMask = 2147483647;
			files = (
			);
			runOnlyForDeploymentPostprocessing = 0;
		};
/* End PBXFrameworksBuildPhase section */

/* Begin PBXGroup section */
		02873E1D27B8CB5E001D46CC = {
			isa = PBXGroup;
			children = (
				02873E2827B8CB5E001D46CC /* Paws-up */,
				02873E3927B8CB5F001D46CC /* Paws-upTests */,
				02873E4327B8CB5F001D46CC /* Paws-upUITests */,
				02873E2727B8CB5E001D46CC /* Products */,
				96BBA211280E911C00B63582 /* Frameworks */,
			);
			sourceTree = "<group>";
		};
		02873E2727B8CB5E001D46CC /* Products */ = {
			isa = PBXGroup;
			children = (
				02873E2627B8CB5E001D46CC /* Paws-up.app */,
				02873E3627B8CB5F001D46CC /* Paws-upTests.xctest */,
				02873E4027B8CB5F001D46CC /* Paws-upUITests.xctest */,
			);
			name = Products;
			sourceTree = "<group>";
		};
		02873E2827B8CB5E001D46CC /* Paws-up */ = {
			isa = PBXGroup;
			children = (
				02873E2927B8CB5E001D46CC /* Paws_upApp.swift */,
				02873E2B27B8CB5E001D46CC /* ContentView.swift */,
				9653E3262861615600004B48 /* HomePageView.swift */,
				9653E3282861616D00004B48 /* HomePageModel.swift */,
				9653E32A2861617D00004B48 /* HomePageViewModel.swift */,
				9653E32C2861619000004B48 /* RescueView.swift */,
				9653E33228616A8000004B48 /* DonationView.swift */,
				9653E32E2861619B00004B48 /* RescueModel.swift */,
				9653E330286161A600004B48 /* RescueViewModel.swift */,
				965BAFD7284877F8008468E6 /* DataManager.swift */,
				02873E2D27B8CB5F001D46CC /* Assets.xcassets */,
				96BBA214280E924900B63582 /* GoogleService-Info.plist */,
				02873E2F27B8CB5F001D46CC /* Preview Content */,
			);
			path = "Paws-up";
			sourceTree = "<group>";
		};
		02873E2F27B8CB5F001D46CC /* Preview Content */ = {
			isa = PBXGroup;
			children = (
				02873E3027B8CB5F001D46CC /* Preview Assets.xcassets */,
			);
			path = "Preview Content";
			sourceTree = "<group>";
		};
		02873E3927B8CB5F001D46CC /* Paws-upTests */ = {
			isa = PBXGroup;
			children = (
				02873E3A27B8CB5F001D46CC /* Paws_upTests.swift */,
			);
			path = "Paws-upTests";
			sourceTree = "<group>";
		};
		02873E4327B8CB5F001D46CC /* Paws-upUITests */ = {
			isa = PBXGroup;
			children = (
				02873E4427B8CB5F001D46CC /* Paws_upUITests.swift */,
				02873E4627B8CB5F001D46CC /* Paws_upUITestsLaunchTests.swift */,
			);
			path = "Paws-upUITests";
			sourceTree = "<group>";
		};
		96BBA211280E911C00B63582 /* Frameworks */ = {
			isa = PBXGroup;
			children = (
			);
			name = Frameworks;
			sourceTree = "<group>";
		};
/* End PBXGroup section */

/* Begin PBXNativeTarget section */
		02873E2527B8CB5E001D46CC /* Paws-up */ = {
			isa = PBXNativeTarget;
			buildConfigurationList = 02873E4A27B8CB5F001D46CC /* Build configuration list for PBXNativeTarget "Paws-up" */;
			buildPhases = (
				02873E2227B8CB5E001D46CC /* Sources */,
				02873E2327B8CB5E001D46CC /* Frameworks */,
				02873E2427B8CB5E001D46CC /* Resources */,
			);
			buildRules = (
			);
			dependencies = (
			);
			name = "Paws-up";
			packageProductDependencies = (
				966B5CE42845B79000C57260 /* FirebaseAuth */,
				966B5CE62845B79000C57260 /* FirebaseDatabase */,
				966B5CE82845B79000C57260 /* FirebaseFirestore */,
				966B5CEA2845B79000C57260 /* FirebaseStorage */,
			);
			productName = "Paws-up";
			productReference = 02873E2627B8CB5E001D46CC /* Paws-up.app */;
			productType = "com.apple.product-type.application";
		};
		02873E3527B8CB5F001D46CC /* Paws-upTests */ = {
			isa = PBXNativeTarget;
			buildConfigurationList = 02873E4D27B8CB5F001D46CC /* Build configuration list for PBXNativeTarget "Paws-upTests" */;
			buildPhases = (
				02873E3227B8CB5F001D46CC /* Sources */,
				02873E3327B8CB5F001D46CC /* Frameworks */,
				02873E3427B8CB5F001D46CC /* Resources */,
			);
			buildRules = (
			);
			dependencies = (
				02873E3827B8CB5F001D46CC /* PBXTargetDependency */,
			);
			name = "Paws-upTests";
			productName = "Paws-upTests";
			productReference = 02873E3627B8CB5F001D46CC /* Paws-upTests.xctest */;
			productType = "com.apple.product-type.bundle.unit-test";
		};
		02873E3F27B8CB5F001D46CC /* Paws-upUITests */ = {
			isa = PBXNativeTarget;
			buildConfigurationList = 02873E5027B8CB5F001D46CC /* Build configuration list for PBXNativeTarget "Paws-upUITests" */;
			buildPhases = (
				02873E3C27B8CB5F001D46CC /* Sources */,
				02873E3D27B8CB5F001D46CC /* Frameworks */,
				02873E3E27B8CB5F001D46CC /* Resources */,
			);
			buildRules = (
			);
			dependencies = (
				02873E4227B8CB5F001D46CC /* PBXTargetDependency */,
			);
			name = "Paws-upUITests";
			productName = "Paws-upUITests";
			productReference = 02873E4027B8CB5F001D46CC /* Paws-upUITests.xctest */;
			productType = "com.apple.product-type.bundle.ui-testing";
		};
/* End PBXNativeTarget section */

/* Begin PBXProject section */
		02873E1E27B8CB5E001D46CC /* Project object */ = {
			isa = PBXProject;
			attributes = {
				BuildIndependentTargetsInParallel = 1;
				LastSwiftUpdateCheck = 1320;
				LastUpgradeCheck = 1320;
				TargetAttributes = {
					02873E2527B8CB5E001D46CC = {
						CreatedOnToolsVersion = 13.2.1;
					};
					02873E3527B8CB5F001D46CC = {
						CreatedOnToolsVersion = 13.2.1;
						TestTargetID = 02873E2527B8CB5E001D46CC;
					};
					02873E3F27B8CB5F001D46CC = {
						CreatedOnToolsVersion = 13.2.1;
						TestTargetID = 02873E2527B8CB5E001D46CC;
					};
				};
			};
			buildConfigurationList = 02873E2127B8CB5E001D46CC /* Build configuration list for PBXProject "Paws-up" */;
			compatibilityVersion = "Xcode 13.0";
			developmentRegion = en;
			hasScannedForEncodings = 0;
			knownRegions = (
				en,
				Base,
			);
			mainGroup = 02873E1D27B8CB5E001D46CC;
			packageReferences = (
				966B5CE32845B79000C57260 /* XCRemoteSwiftPackageReference "firebase-ios-sdk" */,
			);
			productRefGroup = 02873E2727B8CB5E001D46CC /* Products */;
			projectDirPath = "";
			projectRoot = "";
			targets = (
				02873E2527B8CB5E001D46CC /* Paws-up */,
				02873E3527B8CB5F001D46CC /* Paws-upTests */,
				02873E3F27B8CB5F001D46CC /* Paws-upUITests */,
			);
		};
/* End PBXProject section */

/* Begin PBXResourcesBuildPhase section */
		02873E2427B8CB5E001D46CC /* Resources */ = {
			isa = PBXResourcesBuildPhase;
			buildActionMask = 2147483647;
			files = (
				02873E3127B8CB5F001D46CC /* Preview Assets.xcassets in Resources */,
				96BBA215280E924900B63582 /* GoogleService-Info.plist in Resources */,
				02873E2E27B8CB5F001D46CC /* Assets.xcassets in Resources */,
			);
			runOnlyForDeploymentPostprocessing = 0;
		};
		02873E3427B8CB5F001D46CC /* Resources */ = {
			isa = PBXResourcesBuildPhase;
			buildActionMask = 2147483647;
			files = (
			);
			runOnlyForDeploymentPostprocessing = 0;
		};
		02873E3E27B8CB5F001D46CC /* Resources */ = {
			isa = PBXResourcesBuildPhase;
			buildActionMask = 2147483647;
			files = (
			);
			runOnlyForDeploymentPostprocessing = 0;
		};
/* End PBXResourcesBuildPhase section */

/* Begin PBXSourcesBuildPhase section */
		02873E2227B8CB5E001D46CC /* Sources */ = {
			isa = PBXSourcesBuildPhase;
			buildActionMask = 2147483647;
			files = (
				9653E32F2861619B00004B48 /* RescueModel.swift in Sources */,
				965BAFD8284877F8008468E6 /* DataManager.swift in Sources */,
				02873E2C27B8CB5E001D46CC /* ContentView.swift in Sources */,
				9653E331286161A600004B48 /* RescueViewModel.swift in Sources */,
				9653E32D2861619000004B48 /* RescueView.swift in Sources */,
				9653E32B2861617D00004B48 /* HomePageViewModel.swift in Sources */,
				9653E33328616A8000004B48 /* DonationView.swift in Sources */,
				9653E3272861615600004B48 /* HomePageView.swift in Sources */,
				9653E3292861616D00004B48 /* HomePageModel.swift in Sources */,
				02873E2A27B8CB5E001D46CC /* Paws_upApp.swift in Sources */,
			);
			runOnlyForDeploymentPostprocessing = 0;
		};
		02873E3227B8CB5F001D46CC /* Sources */ = {
			isa = PBXSourcesBuildPhase;
			buildActionMask = 2147483647;
			files = (
				02873E3B27B8CB5F001D46CC /* Paws_upTests.swift in Sources */,
			);
			runOnlyForDeploymentPostprocessing = 0;
		};
		02873E3C27B8CB5F001D46CC /* Sources */ = {
			isa = PBXSourcesBuildPhase;
			buildActionMask = 2147483647;
			files = (
				02873E4727B8CB5F001D46CC /* Paws_upUITestsLaunchTests.swift in Sources */,
				02873E4527B8CB5F001D46CC /* Paws_upUITests.swift in Sources */,
			);
			runOnlyForDeploymentPostprocessing = 0;
		};
/* End PBXSourcesBuildPhase section */

/* Begin PBXTargetDependency section */
		02873E3827B8CB5F001D46CC /* PBXTargetDependency */ = {
			isa = PBXTargetDependency;
			target = 02873E2527B8CB5E001D46CC /* Paws-up */;
			targetProxy = 02873E3727B8CB5F001D46CC /* PBXContainerItemProxy */;
		};
		02873E4227B8CB5F001D46CC /* PBXTargetDependency */ = {
			isa = PBXTargetDependency;
			target = 02873E2527B8CB5E001D46CC /* Paws-up */;
			targetProxy = 02873E4127B8CB5F001D46CC /* PBXContainerItemProxy */;
		};
/* End PBXTargetDependency section */

/* Begin XCBuildConfiguration section */
		02873E4827B8CB5F001D46CC /* Debug */ = {
			isa = XCBuildConfiguration;
			buildSettings = {
				ALWAYS_SEARCH_USER_PATHS = NO;
				CLANG_ANALYZER_NONNULL = YES;
				CLANG_ANALYZER_NUMBER_OBJECT_CONVERSION = YES_AGGRESSIVE;
				CLANG_CXX_LANGUAGE_STANDARD = "gnu++17";
				CLANG_CXX_LIBRARY = "libc++";
				CLANG_ENABLE_MODULES = YES;
				CLANG_ENABLE_OBJC_ARC = YES;
				CLANG_ENABLE_OBJC_WEAK = YES;
				CLANG_WARN_BLOCK_CAPTURE_AUTORELEASING = YES;
				CLANG_WARN_BOOL_CONVERSION = YES;
				CLANG_WARN_COMMA = YES;
				CLANG_WARN_CONSTANT_CONVERSION = YES;
				CLANG_WARN_DEPRECATED_OBJC_IMPLEMENTATIONS = YES;
				CLANG_WARN_DIRECT_OBJC_ISA_USAGE = YES_ERROR;
				CLANG_WARN_DOCUMENTATION_COMMENTS = YES;
				CLANG_WARN_EMPTY_BODY = YES;
				CLANG_WARN_ENUM_CONVERSION = YES;
				CLANG_WARN_INFINITE_RECURSION = YES;
				CLANG_WARN_INT_CONVERSION = YES;
				CLANG_WARN_NON_LITERAL_NULL_CONVERSION = YES;
				CLANG_WARN_OBJC_IMPLICIT_RETAIN_SELF = YES;
				CLANG_WARN_OBJC_LITERAL_CONVERSION = YES;
				CLANG_WARN_OBJC_ROOT_CLASS = YES_ERROR;
				CLANG_WARN_QUOTED_INCLUDE_IN_FRAMEWORK_HEADER = YES;
				CLANG_WARN_RANGE_LOOP_ANALYSIS = YES;
				CLANG_WARN_STRICT_PROTOTYPES = YES;
				CLANG_WARN_SUSPICIOUS_MOVE = YES;
				CLANG_WARN_UNGUARDED_AVAILABILITY = YES_AGGRESSIVE;
				CLANG_WARN_UNREACHABLE_CODE = YES;
				CLANG_WARN__DUPLICATE_METHOD_MATCH = YES;
				COPY_PHASE_STRIP = NO;
				DEBUG_INFORMATION_FORMAT = dwarf;
				ENABLE_STRICT_OBJC_MSGSEND = YES;
				ENABLE_TESTABILITY = YES;
				GCC_C_LANGUAGE_STANDARD = gnu11;
				GCC_DYNAMIC_NO_PIC = NO;
				GCC_NO_COMMON_BLOCKS = YES;
				GCC_OPTIMIZATION_LEVEL = 0;
				GCC_PREPROCESSOR_DEFINITIONS = (
					"DEBUG=1",
					"$(inherited)",
				);
				GCC_WARN_64_TO_32_BIT_CONVERSION = YES;
				GCC_WARN_ABOUT_RETURN_TYPE = YES_ERROR;
				GCC_WARN_UNDECLARED_SELECTOR = YES;
				GCC_WARN_UNINITIALIZED_AUTOS = YES_AGGRESSIVE;
				GCC_WARN_UNUSED_FUNCTION = YES;
				GCC_WARN_UNUSED_VARIABLE = YES;
				IPHONEOS_DEPLOYMENT_TARGET = 15.2;
				MTL_ENABLE_DEBUG_INFO = INCLUDE_SOURCE;
				MTL_FAST_MATH = YES;
				ONLY_ACTIVE_ARCH = YES;
				SDKROOT = iphoneos;
				SWIFT_ACTIVE_COMPILATION_CONDITIONS = DEBUG;
				SWIFT_OPTIMIZATION_LEVEL = "-Onone";
			};
			name = Debug;
		};
		02873E4927B8CB5F001D46CC /* Release */ = {
			isa = XCBuildConfiguration;
			buildSettings = {
				ALWAYS_SEARCH_USER_PATHS = NO;
				CLANG_ANALYZER_NONNULL = YES;
				CLANG_ANALYZER_NUMBER_OBJECT_CONVERSION = YES_AGGRESSIVE;
				CLANG_CXX_LANGUAGE_STANDARD = "gnu++17";
				CLANG_CXX_LIBRARY = "libc++";
				CLANG_ENABLE_MODULES = YES;
				CLANG_ENABLE_OBJC_ARC = YES;
				CLANG_ENABLE_OBJC_WEAK = YES;
				CLANG_WARN_BLOCK_CAPTURE_AUTORELEASING = YES;
				CLANG_WARN_BOOL_CONVERSION = YES;
				CLANG_WARN_COMMA = YES;
				CLANG_WARN_CONSTANT_CONVERSION = YES;
				CLANG_WARN_DEPRECATED_OBJC_IMPLEMENTATIONS = YES;
				CLANG_WARN_DIRECT_OBJC_ISA_USAGE = YES_ERROR;
				CLANG_WARN_DOCUMENTATION_COMMENTS = YES;
				CLANG_WARN_EMPTY_BODY = YES;
				CLANG_WARN_ENUM_CONVERSION = YES;
				CLANG_WARN_INFINITE_RECURSION = YES;
				CLANG_WARN_INT_CONVERSION = YES;
				CLANG_WARN_NON_LITERAL_NULL_CONVERSION = YES;
				CLANG_WARN_OBJC_IMPLICIT_RETAIN_SELF = YES;
				CLANG_WARN_OBJC_LITERAL_CONVERSION = YES;
				CLANG_WARN_OBJC_ROOT_CLASS = YES_ERROR;
				CLANG_WARN_QUOTED_INCLUDE_IN_FRAMEWORK_HEADER = YES;
				CLANG_WARN_RANGE_LOOP_ANALYSIS = YES;
				CLANG_WARN_STRICT_PROTOTYPES = YES;
				CLANG_WARN_SUSPICIOUS_MOVE = YES;
				CLANG_WARN_UNGUARDED_AVAILABILITY = YES_AGGRESSIVE;
				CLANG_WARN_UNREACHABLE_CODE = YES;
				CLANG_WARN__DUPLICATE_METHOD_MATCH = YES;
				COPY_PHASE_STRIP = NO;
				DEBUG_INFORMATION_FORMAT = "dwarf-with-dsym";
				ENABLE_NS_ASSERTIONS = NO;
				ENABLE_STRICT_OBJC_MSGSEND = YES;
				GCC_C_LANGUAGE_STANDARD = gnu11;
				GCC_NO_COMMON_BLOCKS = YES;
				GCC_WARN_64_TO_32_BIT_CONVERSION = YES;
				GCC_WARN_ABOUT_RETURN_TYPE = YES_ERROR;
				GCC_WARN_UNDECLARED_SELECTOR = YES;
				GCC_WARN_UNINITIALIZED_AUTOS = YES_AGGRESSIVE;
				GCC_WARN_UNUSED_FUNCTION = YES;
				GCC_WARN_UNUSED_VARIABLE = YES;
				IPHONEOS_DEPLOYMENT_TARGET = 15.2;
				MTL_ENABLE_DEBUG_INFO = NO;
				MTL_FAST_MATH = YES;
				SDKROOT = iphoneos;
				SWIFT_COMPILATION_MODE = wholemodule;
				SWIFT_OPTIMIZATION_LEVEL = "-O";
				VALIDATE_PRODUCT = YES;
			};
			name = Release;
		};
		02873E4B27B8CB5F001D46CC /* Debug */ = {
			isa = XCBuildConfiguration;
			buildSettings = {
				ASSETCATALOG_COMPILER_APPICON_NAME = AppIcon;
				ASSETCATALOG_COMPILER_GLOBAL_ACCENT_COLOR_NAME = AccentColor;
				CODE_SIGN_STYLE = Automatic;
				CURRENT_PROJECT_VERSION = 1;
				DEVELOPMENT_ASSET_PATHS = "\"Paws-up/Preview Content\"";
				DEVELOPMENT_TEAM = 63RGDZTZ68;
				ENABLE_PREVIEWS = YES;
				GENERATE_INFOPLIST_FILE = YES;
				INFOPLIST_KEY_UIApplicationSceneManifest_Generation = YES;
				INFOPLIST_KEY_UIApplicationSupportsIndirectInputEvents = YES;
				INFOPLIST_KEY_UILaunchScreen_Generation = YES;
				INFOPLIST_KEY_UISupportedInterfaceOrientations_iPad = "UIInterfaceOrientationPortrait UIInterfaceOrientationPortraitUpsideDown UIInterfaceOrientationLandscapeLeft UIInterfaceOrientationLandscapeRight";
				INFOPLIST_KEY_UISupportedInterfaceOrientations_iPhone = "UIInterfaceOrientationPortrait UIInterfaceOrientationLandscapeLeft UIInterfaceOrientationLandscapeRight";
				LD_RUNPATH_SEARCH_PATHS = (
					"$(inherited)",
					"@executable_path/Frameworks",
				);
				MARKETING_VERSION = 1.0;
				PRODUCT_BUNDLE_IDENTIFIER = "com.Paws-up";
				PRODUCT_NAME = "$(TARGET_NAME)";
				SWIFT_EMIT_LOC_STRINGS = YES;
				SWIFT_VERSION = 5.0;
				TARGETED_DEVICE_FAMILY = "1,2";
			};
			name = Debug;
		};
		02873E4C27B8CB5F001D46CC /* Release */ = {
			isa = XCBuildConfiguration;
			buildSettings = {
				ASSETCATALOG_COMPILER_APPICON_NAME = AppIcon;
				ASSETCATALOG_COMPILER_GLOBAL_ACCENT_COLOR_NAME = AccentColor;
				CODE_SIGN_STYLE = Automatic;
				CURRENT_PROJECT_VERSION = 1;
				DEVELOPMENT_ASSET_PATHS = "\"Paws-up/Preview Content\"";
				DEVELOPMENT_TEAM = 63RGDZTZ68;
				ENABLE_PREVIEWS = YES;
				GENERATE_INFOPLIST_FILE = YES;
				INFOPLIST_KEY_UIApplicationSceneManifest_Generation = YES;
				INFOPLIST_KEY_UIApplicationSupportsIndirectInputEvents = YES;
				INFOPLIST_KEY_UILaunchScreen_Generation = YES;
				INFOPLIST_KEY_UISupportedInterfaceOrientations_iPad = "UIInterfaceOrientationPortrait UIInterfaceOrientationPortraitUpsideDown UIInterfaceOrientationLandscapeLeft UIInterfaceOrientationLandscapeRight";
				INFOPLIST_KEY_UISupportedInterfaceOrientations_iPhone = "UIInterfaceOrientationPortrait UIInterfaceOrientationLandscapeLeft UIInterfaceOrientationLandscapeRight";
				LD_RUNPATH_SEARCH_PATHS = (
					"$(inherited)",
					"@executable_path/Frameworks",
				);
				MARKETING_VERSION = 1.0;
				PRODUCT_BUNDLE_IDENTIFIER = "com.Paws-up";
				PRODUCT_NAME = "$(TARGET_NAME)";
				SWIFT_EMIT_LOC_STRINGS = YES;
				SWIFT_VERSION = 5.0;
				TARGETED_DEVICE_FAMILY = "1,2";
			};
			name = Release;
		};
		02873E4E27B8CB5F001D46CC /* Debug */ = {
			isa = XCBuildConfiguration;
			buildSettings = {
				ALWAYS_EMBED_SWIFT_STANDARD_LIBRARIES = YES;
				BUNDLE_LOADER = "$(TEST_HOST)";
				CODE_SIGN_STYLE = Automatic;
				CURRENT_PROJECT_VERSION = 1;
				GENERATE_INFOPLIST_FILE = YES;
				IPHONEOS_DEPLOYMENT_TARGET = 15.2;
				MARKETING_VERSION = 1.0;
				PRODUCT_BUNDLE_IDENTIFIER = "com.Paws-upTests";
				PRODUCT_NAME = "$(TARGET_NAME)";
				SWIFT_EMIT_LOC_STRINGS = NO;
				SWIFT_VERSION = 5.0;
				TARGETED_DEVICE_FAMILY = "1,2";
				TEST_HOST = "$(BUILT_PRODUCTS_DIR)/Paws-up.app/Paws-up";
			};
			name = Debug;
		};
		02873E4F27B8CB5F001D46CC /* Release */ = {
			isa = XCBuildConfiguration;
			buildSettings = {
				ALWAYS_EMBED_SWIFT_STANDARD_LIBRARIES = YES;
				BUNDLE_LOADER = "$(TEST_HOST)";
				CODE_SIGN_STYLE = Automatic;
				CURRENT_PROJECT_VERSION = 1;
				GENERATE_INFOPLIST_FILE = YES;
				IPHONEOS_DEPLOYMENT_TARGET = 15.2;
				MARKETING_VERSION = 1.0;
				PRODUCT_BUNDLE_IDENTIFIER = "com.Paws-upTests";
				PRODUCT_NAME = "$(TARGET_NAME)";
				SWIFT_EMIT_LOC_STRINGS = NO;
				SWIFT_VERSION = 5.0;
				TARGETED_DEVICE_FAMILY = "1,2";
				TEST_HOST = "$(BUILT_PRODUCTS_DIR)/Paws-up.app/Paws-up";
			};
			name = Release;
		};
		02873E5127B8CB5F001D46CC /* Debug */ = {
			isa = XCBuildConfiguration;
			buildSettings = {
				ALWAYS_EMBED_SWIFT_STANDARD_LIBRARIES = YES;
				CODE_SIGN_STYLE = Automatic;
				CURRENT_PROJECT_VERSION = 1;
				GENERATE_INFOPLIST_FILE = YES;
				MARKETING_VERSION = 1.0;
				PRODUCT_BUNDLE_IDENTIFIER = "com.Paws-upUITests";
				PRODUCT_NAME = "$(TARGET_NAME)";
				SWIFT_EMIT_LOC_STRINGS = NO;
				SWIFT_VERSION = 5.0;
				TARGETED_DEVICE_FAMILY = "1,2";
				TEST_TARGET_NAME = "Paws-up";
			};
			name = Debug;
		};
		02873E5227B8CB5F001D46CC /* Release */ = {
			isa = XCBuildConfiguration;
			buildSettings = {
				ALWAYS_EMBED_SWIFT_STANDARD_LIBRARIES = YES;
				CODE_SIGN_STYLE = Automatic;
				CURRENT_PROJECT_VERSION = 1;
				GENERATE_INFOPLIST_FILE = YES;
				MARKETING_VERSION = 1.0;
				PRODUCT_BUNDLE_IDENTIFIER = "com.Paws-upUITests";
				PRODUCT_NAME = "$(TARGET_NAME)";
				SWIFT_EMIT_LOC_STRINGS = NO;
				SWIFT_VERSION = 5.0;
				TARGETED_DEVICE_FAMILY = "1,2";
				TEST_TARGET_NAME = "Paws-up";
			};
			name = Release;
		};
/* End XCBuildConfiguration section */

/* Begin XCConfigurationList section */
		02873E2127B8CB5E001D46CC /* Build configuration list for PBXProject "Paws-up" */ = {
			isa = XCConfigurationList;
			buildConfigurations = (
				02873E4827B8CB5F001D46CC /* Debug */,
				02873E4927B8CB5F001D46CC /* Release */,
			);
			defaultConfigurationIsVisible = 0;
			defaultConfigurationName = Release;
		};
		02873E4A27B8CB5F001D46CC /* Build configuration list for PBXNativeTarget "Paws-up" */ = {
			isa = XCConfigurationList;
			buildConfigurations = (
				02873E4B27B8CB5F001D46CC /* Debug */,
				02873E4C27B8CB5F001D46CC /* Release */,
			);
			defaultConfigurationIsVisible = 0;
			defaultConfigurationName = Release;
		};
		02873E4D27B8CB5F001D46CC /* Build configuration list for PBXNativeTarget "Paws-upTests" */ = {
			isa = XCConfigurationList;
			buildConfigurations = (
				02873E4E27B8CB5F001D46CC /* Debug */,
				02873E4F27B8CB5F001D46CC /* Release */,
			);
			defaultConfigurationIsVisible = 0;
			defaultConfigurationName = Release;
		};
		02873E5027B8CB5F001D46CC /* Build configuration list for PBXNativeTarget "Paws-upUITests" */ = {
			isa = XCConfigurationList;
			buildConfigurations = (
				02873E5127B8CB5F001D46CC /* Debug */,
				02873E5227B8CB5F001D46CC /* Release */,
			);
			defaultConfigurationIsVisible = 0;
			defaultConfigurationName = Release;
		};
/* End XCConfigurationList section */

/* Begin XCRemoteSwiftPackageReference section */
		966B5CE32845B79000C57260 /* XCRemoteSwiftPackageReference "firebase-ios-sdk" */ = {
			isa = XCRemoteSwiftPackageReference;
			repositoryURL = "https://github.com/firebase/firebase-ios-sdk";
			requirement = {
				branch = master;
				kind = branch;
			};
		};
/* End XCRemoteSwiftPackageReference section */

/* Begin XCSwiftPackageProductDependency section */
		966B5CE42845B79000C57260 /* FirebaseAuth */ = {
			isa = XCSwiftPackageProductDependency;
			package = 966B5CE32845B79000C57260 /* XCRemoteSwiftPackageReference "firebase-ios-sdk" */;
			productName = FirebaseAuth;
		};
		966B5CE62845B79000C57260 /* FirebaseDatabase */ = {
			isa = XCSwiftPackageProductDependency;
			package = 966B5CE32845B79000C57260 /* XCRemoteSwiftPackageReference "firebase-ios-sdk" */;
			productName = FirebaseDatabase;
		};
		966B5CE82845B79000C57260 /* FirebaseFirestore */ = {
			isa = XCSwiftPackageProductDependency;
			package = 966B5CE32845B79000C57260 /* XCRemoteSwiftPackageReference "firebase-ios-sdk" */;
			productName = FirebaseFirestore;
		};
		966B5CEA2845B79000C57260 /* FirebaseStorage */ = {
			isa = XCSwiftPackageProductDependency;
			package = 966B5CE32845B79000C57260 /* XCRemoteSwiftPackageReference "firebase-ios-sdk" */;
			productName = FirebaseStorage;
		};
/* End XCSwiftPackageProductDependency section */
	};
	rootObject = 02873E1E27B8CB5E001D46CC /* Project object */;
}
